// !$*UTF8*$!
{
	archiveVersion = 1;
	classes = {
	};
	objectVersion = 46;
	objects = {

/* Begin PBXBuildFile section */
		2A08D17A1A0C4A7900898363 /* main.m in Sources */ = {isa = PBXBuildFile; fileRef = 2A08D1791A0C4A7900898363 /* main.m */; };
		2A08D17D1A0C4A7900898363 /* AppDelegate.m in Sources */ = {isa = PBXBuildFile; fileRef = 2A08D17C1A0C4A7900898363 /* AppDelegate.m */; };
		2A08D1801A0C4A7900898363 /* MasterViewController.m in Sources */ = {isa = PBXBuildFile; fileRef = 2A08D17F1A0C4A7900898363 /* MasterViewController.m */; };
		2A08D1831A0C4A7900898363 /* DetailViewController.m in Sources */ = {isa = PBXBuildFile; fileRef = 2A08D1821A0C4A7900898363 /* DetailViewController.m */; };
		2A08D1861A0C4A7900898363 /* Main.storyboard in Resources */ = {isa = PBXBuildFile; fileRef = 2A08D1841A0C4A7900898363 /* Main.storyboard */; };
		2A08D1881A0C4A7900898363 /* Images.xcassets in Resources */ = {isa = PBXBuildFile; fileRef = 2A08D1871A0C4A7900898363 /* Images.xcassets */; };
		2A08D18B1A0C4A7900898363 /* LaunchScreen.xib in Resources */ = {isa = PBXBuildFile; fileRef = 2A08D1891A0C4A7900898363 /* LaunchScreen.xib */; };
		2A08D1971A0C4A7900898363 /* RateTheInstructorTests.m in Sources */ = {isa = PBXBuildFile; fileRef = 2A08D1961A0C4A7900898363 /* RateTheInstructorTests.m */; };
/* End PBXBuildFile section */

/* Begin PBXContainerItemProxy section */
		2A08D1911A0C4A7900898363 /* PBXContainerItemProxy */ = {
			isa = PBXContainerItemProxy;
			containerPortal = 2A08D16C1A0C4A7900898363 /* Project object */;
			proxyType = 1;
			remoteGlobalIDString = 2A08D1731A0C4A7900898363;
			remoteInfo = RateTheInstructor;
		};
/* End PBXContainerItemProxy section */

/* Begin PBXFileReference section */
		2A08D1741A0C4A7900898363 /* RateTheInstructor.app */ = {isa = PBXFileReference; explicitFileType = wrapper.application; includeInIndex = 0; path = RateTheInstructor.app; sourceTree = BUILT_PRODUCTS_DIR; };
		2A08D1781A0C4A7900898363 /* Info.plist */ = {isa = PBXFileReference; lastKnownFileType = text.plist.xml; path = Info.plist; sourceTree = "<group>"; };
		2A08D1791A0C4A7900898363 /* main.m */ = {isa = PBXFileReference; lastKnownFileType = sourcecode.c.objc; path = main.m; sourceTree = "<group>"; };
		2A08D17B1A0C4A7900898363 /* AppDelegate.h */ = {isa = PBXFileReference; lastKnownFileType = sourcecode.c.h; path = AppDelegate.h; sourceTree = "<group>"; };
		2A08D17C1A0C4A7900898363 /* AppDelegate.m */ = {isa = PBXFileReference; lastKnownFileType = sourcecode.c.objc; path = AppDelegate.m; sourceTree = "<group>"; };
		2A08D17E1A0C4A7900898363 /* MasterViewController.h */ = {isa = PBXFileReference; lastKnownFileType = sourcecode.c.h; path = MasterViewController.h; sourceTree = "<group>"; };
		2A08D17F1A0C4A7900898363 /* MasterViewController.m */ = {isa = PBXFileReference; lastKnownFileType = sourcecode.c.objc; path = MasterViewController.m; sourceTree = "<group>"; };
		2A08D1811A0C4A7900898363 /* DetailViewController.h */ = {isa = PBXFileReference; lastKnownFileType = sourcecode.c.h; path = DetailViewController.h; sourceTree = "<group>"; };
		2A08D1821A0C4A7900898363 /* DetailViewController.m */ = {isa = PBXFileReference; lastKnownFileType = sourcecode.c.objc; path = DetailViewController.m; sourceTree = "<group>"; };
		2A08D1851A0C4A7900898363 /* Base */ = {isa = PBXFileReference; lastKnownFileType = file.storyboard; name = Base; path = Base.lproj/Main.storyboard; sourceTree = "<group>"; };
		2A08D1871A0C4A7900898363 /* Images.xcassets */ = {isa = PBXFileReference; lastKnownFileType = folder.assetcatalog; path = Images.xcassets; sourceTree = "<group>"; };
		2A08D18A1A0C4A7900898363 /* Base */ = {isa = PBXFileReference; lastKnownFileType = file.xib; name = Base; path = Base.lproj/LaunchScreen.xib; sourceTree = "<group>"; };
		2A08D1901A0C4A7900898363 /* RateTheInstructorTests.xctest */ = {isa = PBXFileReference; explicitFileType = wrapper.cfbundle; includeInIndex = 0; path = RateTheInstructorTests.xctest; sourceTree = BUILT_PRODUCTS_DIR; };
		2A08D1951A0C4A7900898363 /* Info.plist */ = {isa = PBXFileReference; lastKnownFileType = text.plist.xml; path = Info.plist; sourceTree = "<group>"; };
		2A08D1961A0C4A7900898363 /* RateTheInstructorTests.m */ = {isa = PBXFileReference; lastKnownFileType = sourcecode.c.objc; path = RateTheInstructorTests.m; sourceTree = "<group>"; };
/* End PBXFileReference section */

/* Begin PBXFrameworksBuildPhase section */
		2A08D1711A0C4A7900898363 /* Frameworks */ = {
			isa = PBXFrameworksBuildPhase;
			buildActionMask = 2147483647;
			files = (
			);
			runOnlyForDeploymentPostprocessing = 0;
		};
		2A08D18D1A0C4A7900898363 /* Frameworks */ = {
			isa = PBXFrameworksBuildPhase;
			buildActionMask = 2147483647;
			files = (
			);
			runOnlyForDeploymentPostprocessing = 0;
		};
/* End PBXFrameworksBuildPhase section */

/* Begin PBXGroup section */
		2A08D16B1A0C4A7900898363 = {
			isa = PBXGroup;
			children = (
				2A08D1761A0C4A7900898363 /* RateTheInstructor */,
				2A08D1931A0C4A7900898363 /* RateTheInstructorTests */,
				2A08D1751A0C4A7900898363 /* Products */,
			);
			sourceTree = "<group>";
		};
		2A08D1751A0C4A7900898363 /* Products */ = {
			isa = PBXGroup;
			children = (
				2A08D1741A0C4A7900898363 /* RateTheInstructor.app */,
				2A08D1901A0C4A7900898363 /* RateTheInstructorTests.xctest */,
			);
			name = Products;
			sourceTree = "<group>";
		};
		2A08D1761A0C4A7900898363 /* RateTheInstructor */ = {
			isa = PBXGroup;
			children = (
				2A08D17B1A0C4A7900898363 /* AppDelegate.h */,
				2A08D17C1A0C4A7900898363 /* AppDelegate.m */,
				2A08D17E1A0C4A7900898363 /* MasterViewController.h */,
				2A08D17F1A0C4A7900898363 /* MasterViewController.m */,
				2A08D1811A0C4A7900898363 /* DetailViewController.h */,
				2A08D1821A0C4A7900898363 /* DetailViewController.m */,
				2A08D1841A0C4A7900898363 /* Main.storyboard */,
				2A08D1871A0C4A7900898363 /* Images.xcassets */,
				2A08D1891A0C4A7900898363 /* LaunchScreen.xib */,
				2A08D1771A0C4A7900898363 /* Supporting Files */,
			);
			path = RateTheInstructor;
			sourceTree = "<group>";
		};
		2A08D1771A0C4A7900898363 /* Supporting Files */ = {
			isa = PBXGroup;
			children = (
				2A08D1781A0C4A7900898363 /* Info.plist */,
				2A08D1791A0C4A7900898363 /* main.m */,
			);
			name = "Supporting Files";
			sourceTree = "<group>";
		};
		2A08D1931A0C4A7900898363 /* RateTheInstructorTests */ = {
			isa = PBXGroup;
			children = (
				2A08D1961A0C4A7900898363 /* RateTheInstructorTests.m */,
				2A08D1941A0C4A7900898363 /* Supporting Files */,
			);
			path = RateTheInstructorTests;
			sourceTree = "<group>";
		};
		2A08D1941A0C4A7900898363 /* Supporting Files */ = {
			isa = PBXGroup;
			children = (
				2A08D1951A0C4A7900898363 /* Info.plist */,
			);
			name = "Supporting Files";
			sourceTree = "<group>";
		};
/* End PBXGroup section */

/* Begin PBXNativeTarget section */
		2A08D1731A0C4A7900898363 /* RateTheInstructor */ = {
			isa = PBXNativeTarget;
			buildConfigurationList = 2A08D19A1A0C4A7900898363 /* Build configuration list for PBXNativeTarget "RateTheInstructor" */;
			buildPhases = (
				2A08D1701A0C4A7900898363 /* Sources */,
				2A08D1711A0C4A7900898363 /* Frameworks */,
				2A08D1721A0C4A7900898363 /* Resources */,
			);
			buildRules = (
			);
			dependencies = (
			);
			name = RateTheInstructor;
			productName = RateTheInstructor;
			productReference = 2A08D1741A0C4A7900898363 /* RateTheInstructor.app */;
			productType = "com.apple.product-type.application";
		};
		2A08D18F1A0C4A7900898363 /* RateTheInstructorTests */ = {
			isa = PBXNativeTarget;
			buildConfigurationList = 2A08D19D1A0C4A7900898363 /* Build configuration list for PBXNativeTarget "RateTheInstructorTests" */;
			buildPhases = (
				2A08D18C1A0C4A7900898363 /* Sources */,
				2A08D18D1A0C4A7900898363 /* Frameworks */,
				2A08D18E1A0C4A7900898363 /* Resources */,
			);
			buildRules = (
			);
			dependencies = (
				2A08D1921A0C4A7900898363 /* PBXTargetDependency */,
			);
			name = RateTheInstructorTests;
			productName = RateTheInstructorTests;
			productReference = 2A08D1901A0C4A7900898363 /* RateTheInstructorTests.xctest */;
			productType = "com.apple.product-type.bundle.unit-test";
		};
/* End PBXNativeTarget section */

/* Begin PBXProject section */
		2A08D16C1A0C4A7900898363 /* Project object */ = {
			isa = PBXProject;
			attributes = {
				LastUpgradeCheck = 0720;
				ORGANIZATIONNAME = Soumya;
				TargetAttributes = {
					2A08D1731A0C4A7900898363 = {
						CreatedOnToolsVersion = 6.1;
					};
					2A08D18F1A0C4A7900898363 = {
						CreatedOnToolsVersion = 6.1;
						TestTargetID = 2A08D1731A0C4A7900898363;
					};
				};
			};
			buildConfigurationList = 2A08D16F1A0C4A7900898363 /* Build configuration list for PBXProject "RateTheInstructor" */;
			compatibilityVersion = "Xcode 3.2";
			developmentRegion = English;
			hasScannedForEncodings = 0;
			knownRegions = (
				en,
				Base,
			);
			mainGroup = 2A08D16B1A0C4A7900898363;
			productRefGroup = 2A08D1751A0C4A7900898363 /* Products */;
			projectDirPath = "";
			projectRoot = "";
			targets = (
				2A08D1731A0C4A7900898363 /* RateTheInstructor */,
				2A08D18F1A0C4A7900898363 /* RateTheInstructorTests */,
			);
		};
/* End PBXProject section */

/* Begin PBXResourcesBuildPhase section */
		2A08D1721A0C4A7900898363 /* Resources */ = {
			isa = PBXResourcesBuildPhase;
			buildActionMask = 2147483647;
			files = (
				2A08D1861A0C4A7900898363 /* Main.storyboard in Resources */,
				2A08D18B1A0C4A7900898363 /* LaunchScreen.xib in Resources */,
				2A08D1881A0C4A7900898363 /* Images.xcassets in Resources */,
			);
			runOnlyForDeploymentPostprocessing = 0;
		};
		2A08D18E1A0C4A7900898363 /* Resources */ = {
			isa = PBXResourcesBuildPhase;
			buildActionMask = 2147483647;
			files = (
			);
			runOnlyForDeploymentPostprocessing = 0;
		};
/* End PBXResourcesBuildPhase section */

/* Begin PBXSourcesBuildPhase section */
		2A08D1701A0C4A7900898363 /* Sources */ = {
			isa = PBXSourcesBuildPhase;
			buildActionMask = 2147483647;
			files = (
				2A08D17D1A0C4A7900898363 /* AppDelegate.m in Sources */,
				2A08D1801A0C4A7900898363 /* MasterViewController.m in Sources */,
				2A08D17A1A0C4A7900898363 /* main.m in Sources */,
				2A08D1831A0C4A7900898363 /* DetailViewController.m in Sources */,
			);
			runOnlyForDeploymentPostprocessing = 0;
		};
		2A08D18C1A0C4A7900898363 /* Sources */ = {
			isa = PBXSourcesBuildPhase;
			buildActionMask = 2147483647;
			files = (
				2A08D1971A0C4A7900898363 /* RateTheInstructorTests.m in Sources */,
			);
			runOnlyForDeploymentPostprocessing = 0;
		};
/* End PBXSourcesBuildPhase section */

/* Begin PBXTargetDependency section */
		2A08D1921A0C4A7900898363 /* PBXTargetDependency */ = {
			isa = PBXTargetDependency;
			target = 2A08D1731A0C4A7900898363 /* RateTheInstructor */;
			targetProxy = 2A08D1911A0C4A7900898363 /* PBXContainerItemProxy */;
		};
/* End PBXTargetDependency section */

/* Begin PBXVariantGroup section */
		2A08D1841A0C4A7900898363 /* Main.storyboard */ = {
			isa = PBXVariantGroup;
			children = (
				2A08D1851A0C4A7900898363 /* Base */,
			);
			name = Main.storyboard;
			sourceTree = "<group>";
		};
		2A08D1891A0C4A7900898363 /* LaunchScreen.xib */ = {
			isa = PBXVariantGroup;
			children = (
				2A08D18A1A0C4A7900898363 /* Base */,
			);
			name = LaunchScreen.xib;
			sourceTree = "<group>";
		};
/* End PBXVariantGroup section */

/* Begin XCBuildConfiguration section */
		2A08D1981A0C4A7900898363 /* Debug */ = {
			isa = XCBuildConfiguration;
			buildSettings = {
				ALWAYS_SEARCH_USER_PATHS = NO;
				CLANG_CXX_LANGUAGE_STANDARD = "gnu++0x";
				CLANG_CXX_LIBRARY = "libc++";
				CLANG_ENABLE_MODULES = YES;
				CLANG_ENABLE_OBJC_ARC = YES;
				CLANG_WARN_BOOL_CONVERSION = YES;
				CLANG_WARN_CONSTANT_CONVERSION = YES;
				CLANG_WARN_DIRECT_OBJC_ISA_USAGE = YES_ERROR;
				CLANG_WARN_EMPTY_BODY = YES;
				CLANG_WARN_ENUM_CONVERSION = YES;
				CLANG_WARN_INT_CONVERSION = YES;
				CLANG_WARN_OBJC_ROOT_CLASS = YES_ERROR;
				CLANG_WARN_UNREACHABLE_CODE = YES;
				CLANG_WARN__DUPLICATE_METHOD_MATCH = YES;
				"CODE_SIGN_IDENTITY[sdk=iphoneos*]" = "iPhone Developer";
				COPY_PHASE_STRIP = NO;
				ENABLE_STRICT_OBJC_MSGSEND = YES;
				ENABLE_TESTABILITY = YES;
				GCC_C_LANGUAGE_STANDARD = gnu99;
				GCC_DYNAMIC_NO_PIC = NO;
				GCC_OPTIMIZATION_LEVEL = 0;
				GCC_PREPROCESSOR_DEFINITIONS = (
					"DEBUG=1",
					"$(inherited)",
				);
				GCC_SYMBOLS_PRIVATE_EXTERN = NO;
				GCC_WARN_64_TO_32_BIT_CONVERSION = YES;
				GCC_WARN_ABOUT_RETURN_TYPE = YES_ERROR;
				GCC_WARN_UNDECLARED_SELECTOR = YES;
				GCC_WARN_UNINITIALIZED_AUTOS = YES_AGGRESSIVE;
				GCC_WARN_UNUSED_FUNCTION = YES;
				GCC_WARN_UNUSED_VARIABLE = YES;
				IPHONEOS_DEPLOYMENT_TARGET = 8.1;
				MTL_ENABLE_DEBUG_INFO = YES;
				ONLY_ACTIVE_ARCH = YES;
				SDKROOT = iphoneos;
			};
			name = Debug;
		};
		2A08D1991A0C4A7900898363 /* Release */ = {
			isa = XCBuildConfiguration;
			buildSettings = {
				ALWAYS_SEARCH_USER_PATHS = NO;
				CLANG_CXX_LANGUAGE_STANDARD = "gnu++0x";
				CLANG_CXX_LIBRARY = "libc++";
				CLANG_ENABLE_MODULES = YES;
				CLANG_ENABLE_OBJC_ARC = YES;
				CLANG_WARN_BOOL_CONVERSION = YES;
				CLANG_WARN_CONSTANT_CONVERSION = YES;
				CLANG_WARN_DIRECT_OBJC_ISA_USAGE = YES_ERROR;
				CLANG_WARN_EMPTY_BODY = YES;
				CLANG_WARN_ENUM_CONVERSION = YES;
				CLANG_WARN_INT_CONVERSION = YES;
				CLANG_WARN_OBJC_ROOT_CLASS = YES_ERROR;
				CLANG_WARN_UNREACHABLE_CODE = YES;
				CLANG_WARN__DUPLICATE_METHOD_MATCH = YES;
				"CODE_SIGN_IDENTITY[sdk=iphoneos*]" = "iPhone Developer";
				COPY_PHASE_STRIP = YES;
				ENABLE_NS_ASSERTIONS = NO;
				ENABLE_STRICT_OBJC_MSGSEND = YES;
				GCC_C_LANGUAGE_STANDARD = gnu99;
				GCC_WARN_64_TO_32_BIT_CONVERSION = YES;
				GCC_WARN_ABOUT_RETURN_TYPE = YES_ERROR;
				GCC_WARN_UNDECLARED_SELECTOR = YES;
				GCC_WARN_UNINITIALIZED_AUTOS = YES_AGGRESSIVE;
				GCC_WARN_UNUSED_FUNCTION = YES;
				GCC_WARN_UNUSED_VARIABLE = YES;
				IPHONEOS_DEPLOYMENT_TARGET = 8.1;
				MTL_ENABLE_DEBUG_INFO = NO;
				SDKROOT = iphoneos;
				VALIDATE_PRODUCT = YES;
			};
			name = Release;
		};
		2A08D19B1A0C4A7900898363 /* Debug */ = {
			isa = XCBuildConfiguration;
			buildSettings = {
				ASSETCATALOG_COMPILER_APPICON_NAME = AppIcon;
				CODE_SIGN_IDENTITY = "iPhone Developer";
				"CODE_SIGN_IDENTITY[sdk=iphoneos*]" = "iPhone Developer";
				INFOPLIST_FILE = RateTheInstructor/Info.plist;
				LD_RUNPATH_SEARCH_PATHS = "$(inherited) @executable_path/Frameworks";
				PRODUCT_BUNDLE_IDENTIFIER = "edu.sdsu.cs.assignment5.$(PRODUCT_NAME:rfc1034identifier)";
				PRODUCT_NAME = "$(TARGET_NAME)";
				PROVISIONING_PROFILE = "";
				TARGETED_DEVICE_FAMILY = 1;
			};
			name = Debug;
		};
		2A08D19C1A0C4A7900898363 /* Release */ = {
			isa = XCBuildConfiguration;
			buildSettings = {
				ASSETCATALOG_COMPILER_APPICON_NAME = AppIcon;
				CODE_SIGN_IDENTITY = "iPhone Developer";
				"CODE_SIGN_IDENTITY[sdk=iphoneos*]" = "iPhone Developer";
				INFOPLIST_FILE = RateTheInstructor/Info.plist;
				LD_RUNPATH_SEARCH_PATHS = "$(inherited) @executable_path/Frameworks";
				PRODUCT_BUNDLE_IDENTIFIER = "edu.sdsu.cs.assignment5.$(PRODUCT_NAME:rfc1034identifier)";
				PRODUCT_NAME = "$(TARGET_NAME)";
				PROVISIONING_PROFILE = "";
				TARGETED_DEVICE_FAMILY = 1;
			};
			name = Release;
		};
		2A08D19E1A0C4A7900898363 /* Debug */ = {
			isa = XCBuildConfiguration;
			buildSettings = {
				BUNDLE_LOADER = "$(TEST_HOST)";
				FRAMEWORK_SEARCH_PATHS = (
					"$(SDKROOT)/Developer/Library/Frameworks",
					"$(inherited)",
				);
				GCC_PREPROCESSOR_DEFINITIONS = (
					"DEBUG=1",
					"$(inherited)",
				);
				INFOPLIST_FILE = RateTheInstructorTests/Info.plist;
				LD_RUNPATH_SEARCH_PATHS = "$(inherited) @executable_path/Frameworks @loader_path/Frameworks";
				PRODUCT_BUNDLE_IDENTIFIER = "edu.sdsu.cs.assignment5.$(PRODUCT_NAME:rfc1034identifier)";
				PRODUCT_NAME = "$(TARGET_NAME)";
				TEST_HOST = "$(BUILT_PRODUCTS_DIR)/RateTheInstructor.app/RateTheInstructor";
			};
			name = Debug;
		};
		2A08D19F1A0C4A7900898363 /* Release */ = {
			isa = XCBuildConfiguration;
			buildSettings = {
				BUNDLE_LOADER = "$(TEST_HOST)";
				FRAMEWORK_SEARCH_PATHS = (
					"$(SDKROOT)/Developer/Library/Frameworks",
					"$(inherited)",
				);
				INFOPLIST_FILE = RateTheInstructorTests/Info.plist;
				LD_RUNPATH_SEARCH_PATHS = "$(inherited) @executable_path/Frameworks @loader_path/Frameworks";
				PRODUCT_BUNDLE_IDENTIFIER = "edu.sdsu.cs.assignment5.$(PRODUCT_NAME:rfc1034identifier)";
				PRODUCT_NAME = "$(TARGET_NAME)";
				TEST_HOST = "$(BUILT_PRODUCTS_DIR)/RateTheInstructor.app/RateTheInstructor";
			};
			name = Release;
		};
/* End XCBuildConfiguration section */

/* Begin XCConfigurationList section */
		2A08D16F1A0C4A7900898363 /* Build configuration list for PBXProject "RateTheInstructor" */ = {
			isa = XCConfigurationList;
			buildConfigurations = (
				2A08D1981A0C4A7900898363 /* Debug */,
				2A08D1991A0C4A7900898363 /* Release */,
			);
			defaultConfigurationIsVisible = 0;
			defaultConfigurationName = Release;
		};
		2A08D19A1A0C4A7900898363 /* Build configuration list for PBXNativeTarget "RateTheInstructor" */ = {
			isa = XCConfigurationList;
			buildConfigurations = (
				2A08D19B1A0C4A7900898363 /* Debug */,
				2A08D19C1A0C4A7900898363 /* Release */,
			);
			defaultConfigurationIsVisible = 0;
			defaultConfigurationName = Release;
		};
		2A08D19D1A0C4A7900898363 /* Build configuration list for PBXNativeTarget "RateTheInstructorTests" */ = {
			isa = XCConfigurationList;
			buildConfigurations = (
				2A08D19E1A0C4A7900898363 /* Debug */,
				2A08D19F1A0C4A7900898363 /* Release */,
			);
			defaultConfigurationIsVisible = 0;
			defaultConfigurationName = Release;
		};
/* End XCConfigurationList section */
	};
	rootObject = 2A08D16C1A0C4A7900898363 /* Project object */;
}
